
Microsoft Visual Studio Solution File, Format Version 12.00
# Visual Studio Version 17
VisualStudioVersion = 17.10.35027.167
MinimumVisualStudioVersion = 10.0.40219.1
Project("{9A19103F-16F7-4668-BE54-9A1E7A4F7556}") = "HomePro.Web", "HomePro.Web\HomePro.Web.csproj", "{58E36403-FA22-4A27-BA34-ADD49254ACCC}"
EndProject
Project("{2150E333-8FDC-42A3-9474-1A3956D46DE8}") = "Data", "Data", "{5A74E92F-C553-49A2-ABEC-F60FD387C66A}"
EndProject
Project("{9A19103F-16F7-4668-BE54-9A1E7A4F7556}") = "HomePro.Data", "HomePro.Data\HomePro.Data.csproj", "{EF9697C8-92B3-4E1B-B049-7AEC7DED80CC}"
	ProjectSection(ProjectDependencies) = postProject
		{7F8F8FA1-A05F-404B-845F-A5BCEE067430} = {7F8F8FA1-A05F-404B-845F-A5BCEE067430}
	EndProjectSection
EndProject
Project("{9A19103F-16F7-4668-BE54-9A1E7A4F7556}") = "HomePro.Data.Models", "HomePro.Data.Models\HomePro.Data.Models.csproj", "{7F8F8FA1-A05F-404B-845F-A5BCEE067430}"
EndProject
Project("{9A19103F-16F7-4668-BE54-9A1E7A4F7556}") = "HomePro.Common", "HomePro.Common\HomePro.Common.csproj", "{63A3AB4A-B7C1-436D-B5F3-54188A4C95F7}"
EndProject
Project("{2150E333-8FDC-42A3-9474-1A3956D46DE8}") = "Web", "Web", "{E363AB6E-CB66-4B18-BAEA-547347989240}"
EndProject
Project("{9A19103F-16F7-4668-BE54-9A1E7A4F7556}") = "HomePro.Web.Infrastructure", "HomePro.Web.Infrastructure\HomePro.Web.Infrastructure.csproj", "{F453A02B-1892-4F9E-BA5F-8D5AD14B0244}"
EndProject
Project("{9A19103F-16F7-4668-BE54-9A1E7A4F7556}") = "HomePro.Web.ViewModels", "HomePro.Web.ViewModels\HomePro.Web.ViewModels.csproj", "{58AF952A-D92F-4CF9-9A60-6245F4DA63B9}"
EndProject
Project("{2150E333-8FDC-42A3-9474-1A3956D46DE8}") = "Services", "Services", "{F3BDDE81-0876-4314-8E7C-4C0A66799A89}"
EndProject
Project("{9A19103F-16F7-4668-BE54-9A1E7A4F7556}") = "HomePro.Services.Data", "HomePro.Services.Data\HomePro.Services.Data.csproj", "{ACB1B32D-0529-4E74-AD0D-1D73A4A43C25}"
EndProject
Global
	GlobalSection(SolutionConfigurationPlatforms) = preSolution
		Debug|Any CPU = Debug|Any CPU
		Release|Any CPU = Release|Any CPU
	EndGlobalSection
	GlobalSection(ProjectConfigurationPlatforms) = postSolution
		{58E36403-FA22-4A27-BA34-ADD49254ACCC}.Debug|Any CPU.ActiveCfg = Debug|Any CPU
		{58E36403-FA22-4A27-BA34-ADD49254ACCC}.Debug|Any CPU.Build.0 = Debug|Any CPU
		{58E36403-FA22-4A27-BA34-ADD49254ACCC}.Release|Any CPU.ActiveCfg = Release|Any CPU
		{58E36403-FA22-4A27-BA34-ADD49254ACCC}.Release|Any CPU.Build.0 = Release|Any CPU
		{EF9697C8-92B3-4E1B-B049-7AEC7DED80CC}.Debug|Any CPU.ActiveCfg = Debug|Any CPU
		{EF9697C8-92B3-4E1B-B049-7AEC7DED80CC}.Debug|Any CPU.Build.0 = Debug|Any CPU
		{EF9697C8-92B3-4E1B-B049-7AEC7DED80CC}.Release|Any CPU.ActiveCfg = Release|Any CPU
		{EF9697C8-92B3-4E1B-B049-7AEC7DED80CC}.Release|Any CPU.Build.0 = Release|Any CPU
		{7F8F8FA1-A05F-404B-845F-A5BCEE067430}.Debug|Any CPU.ActiveCfg = Debug|Any CPU
		{7F8F8FA1-A05F-404B-845F-A5BCEE067430}.Debug|Any CPU.Build.0 = Debug|Any CPU
		{7F8F8FA1-A05F-404B-845F-A5BCEE067430}.Release|Any CPU.ActiveCfg = Release|Any CPU
		{7F8F8FA1-A05F-404B-845F-A5BCEE067430}.Release|Any CPU.Build.0 = Release|Any CPU
		{63A3AB4A-B7C1-436D-B5F3-54188A4C95F7}.Debug|Any CPU.ActiveCfg = Debug|Any CPU
		{63A3AB4A-B7C1-436D-B5F3-54188A4C95F7}.Debug|Any CPU.Build.0 = Debug|Any CPU
		{63A3AB4A-B7C1-436D-B5F3-54188A4C95F7}.Release|Any CPU.ActiveCfg = Release|Any CPU
		{63A3AB4A-B7C1-436D-B5F3-54188A4C95F7}.Release|Any CPU.Build.0 = Release|Any CPU
		{F453A02B-1892-4F9E-BA5F-8D5AD14B0244}.Debug|Any CPU.ActiveCfg = Debug|Any CPU
		{F453A02B-1892-4F9E-BA5F-8D5AD14B0244}.Debug|Any CPU.Build.0 = Debug|Any CPU
		{F453A02B-1892-4F9E-BA5F-8D5AD14B0244}.Release|Any CPU.ActiveCfg = Release|Any CPU
		{F453A02B-1892-4F9E-BA5F-8D5AD14B0244}.Release|Any CPU.Build.0 = Release|Any CPU
		{58AF952A-D92F-4CF9-9A60-6245F4DA63B9}.Debug|Any CPU.ActiveCfg = Debug|Any CPU
		{58AF952A-D92F-4CF9-9A60-6245F4DA63B9}.Debug|Any CPU.Build.0 = Debug|Any CPU
		{58AF952A-D92F-4CF9-9A60-6245F4DA63B9}.Release|Any CPU.ActiveCfg = Release|Any CPU
		{58AF952A-D92F-4CF9-9A60-6245F4DA63B9}.Release|Any CPU.Build.0 = Release|Any CPU
		{ACB1B32D-0529-4E74-AD0D-1D73A4A43C25}.Debug|Any CPU.ActiveCfg = Debug|Any CPU
		{ACB1B32D-0529-4E74-AD0D-1D73A4A43C25}.Debug|Any CPU.Build.0 = Debug|Any CPU
		{ACB1B32D-0529-4E74-AD0D-1D73A4A43C25}.Release|Any CPU.ActiveCfg = Release|Any CPU
		{ACB1B32D-0529-4E74-AD0D-1D73A4A43C25}.Release|Any CPU.Build.0 = Release|Any CPU
	EndGlobalSection
	GlobalSection(SolutionProperties) = preSolution
		HideSolutionNode = FALSE
	EndGlobalSection
	GlobalSection(NestedProjects) = preSolution
		{58E36403-FA22-4A27-BA34-ADD49254ACCC} = {E363AB6E-CB66-4B18-BAEA-547347989240}
		{EF9697C8-92B3-4E1B-B049-7AEC7DED80CC} = {5A74E92F-C553-49A2-ABEC-F60FD387C66A}
		{7F8F8FA1-A05F-404B-845F-A5BCEE067430} = {5A74E92F-C553-49A2-ABEC-F60FD387C66A}
		{F453A02B-1892-4F9E-BA5F-8D5AD14B0244} = {E363AB6E-CB66-4B18-BAEA-547347989240}
		{58AF952A-D92F-4CF9-9A60-6245F4DA63B9} = {E363AB6E-CB66-4B18-BAEA-547347989240}
		{ACB1B32D-0529-4E74-AD0D-1D73A4A43C25} = {F3BDDE81-0876-4314-8E7C-4C0A66799A89}
	EndGlobalSection
	GlobalSection(ExtensibilityGlobals) = postSolution
		SolutionGuid = {64F1479A-FE0F-4069-A14F-7DA182EB2887}
	EndGlobalSection
EndGlobal
